
Microsoft Visual Studio Solution File, Format Version 12.00
# Visual Studio Version 16
VisualStudioVersion = 16.0.32002.261
MinimumVisualStudioVersion = 10.0.40219.1
Project("{9A19103F-16F7-4668-BE54-9A1E7A4F7556}") = "LargeFactorials", "LargeFactorials\LargeFactorials.csproj", "{C65F1086-6DE1-4A4D-97B4-87DF32B9616C}"
EndProject
Project("{FAE04EC0-301F-11D3-BF4B-00C04F79EFBC}") = "LargeFactorialsTests", "LargeFactorialsTests\LargeFactorialsTests.csproj", "{116DA5A7-A3C8-4D06-85A2-B45191703101}"
EndProject
Global
	GlobalSection(SolutionConfigurationPlatforms) = preSolution
		Debug|Any CPU = Debug|Any CPU
		Release|Any CPU = Release|Any CPU
	EndGlobalSection
	GlobalSection(ProjectConfigurationPlatforms) = postSolution
		{C65F1086-6DE1-4A4D-97B4-87DF32B9616C}.Debug|Any CPU.ActiveCfg = Debug|Any CPU
		{C65F1086-6DE1-4A4D-97B4-87DF32B9616C}.Debug|Any CPU.Build.0 = Debug|Any CPU
		{C65F1086-6DE1-4A4D-97B4-87DF32B9616C}.Release|Any CPU.ActiveCfg = Release|Any CPU
		{C65F1086-6DE1-4A4D-97B4-87DF32B9616C}.Release|Any CPU.Build.0 = Release|Any CPU
		{116DA5A7-A3C8-4D06-85A2-B45191703101}.Debug|Any CPU.ActiveCfg = Debug|Any CPU
		{116DA5A7-A3C8-4D06-85A2-B45191703101}.Debug|Any CPU.Build.0 = Debug|Any CPU
		{116DA5A7-A3C8-4D06-85A2-B45191703101}.Release|Any CPU.ActiveCfg = Release|Any CPU
		{116DA5A7-A3C8-4D06-85A2-B45191703101}.Release|Any CPU.Build.0 = Release|Any CPU
	EndGlobalSection
	GlobalSection(SolutionProperties) = preSolution
		HideSolutionNode = FALSE
	EndGlobalSection
	GlobalSection(ExtensibilityGlobals) = postSolution
		SolutionGuid = {88E52CC0-7C12-4D19-9753-5A9FA02CBBBB}
	EndGlobalSection
EndGlobal
